
Microsoft Visual Studio Solution File, Format Version 12.00
# Visual Studio Version 17
VisualStudioVersion = 17.0.31903.59
MinimumVisualStudioVersion = 10.0.40219.1
Project("{2150E333-8FDC-42A3-9474-1A3956D46DE8}") = "src", "src", "{203ACAB1-7075-41A9-AC06-195C5A560179}"
EndProject
Project("{FAE04EC0-301F-11D3-BF4B-00C04F79EFBC}") = "C3dMCP.Sdk", "src\C3dMCP.Sdk\C3dMCP.Sdk.csproj", "{445411A3-CA1C-4B5F-A147-B52E9B7EB07F}"
EndProject
Project("{FAE04EC0-301F-11D3-BF4B-00C04F79EFBC}") = "C3dMCP.Engine", "src\C3dMCP.Engine\C3dMCP.Engine.csproj", "{DFC2F438-53C8-4DCB-B707-367A3CB5C784}"
EndProject
Project("{2150E333-8FDC-42A3-9474-1A3956D46DE8}") = "tests", "tests", "{232318D0-A686-42C0-8B5F-DBB87C4489C8}"
EndProject
Project("{FAE04EC0-301F-11D3-BF4B-00C04F79EFBC}") = "C3dMCP.Tests", "tests\C3dMCP.Tests\C3dMCP.Tests.csproj", "{69ACEEEB-7F4D-454A-9CFB-5B993539D44F}"
EndProject
Project("{FAE04EC0-301F-11D3-BF4B-00C04F79EFBC}") = "C3dMCP.Host", "src\C3dMCP.Host\C3dMCP.Host.csproj", "{308F12F2-E02A-44FD-A9C5-02F980B93341}"
EndProject
Project("{FAE04EC0-301F-11D3-BF4B-00C04F79EFBC}") = "C3dMCP.Server.Core", "src\C3dMCP.Server.Core\C3dMCP.Server.Core.csproj", "{9C2C81E6-7FCC-4BF0-A7F1-7BF2F876FD39}"
EndProject
Project("{FAE04EC0-301F-11D3-BF4B-00C04F79EFBC}") = "C3dMCP.Server", "src\C3dMCP.Server\C3dMCP.Server.csproj", "{9A35818E-766C-4249-A0B9-E674B66D040B}"
EndProject
Project("{2150E333-8FDC-42A3-9474-1A3956D46DE8}") = "templates", "templates", "{F9423287-35BA-428C-A574-6A27D77E6D4A}"
EndProject
Project("{FAE04EC0-301F-11D3-BF4B-00C04F79EFBC}") = "C3dPayload", "templates\Payload\C3dPayload.csproj", "{73DD6B57-C73A-4072-993F-C6D9DDEE8571}"
EndProject
Global
	GlobalSection(SolutionConfigurationPlatforms) = preSolution
		Debug|Any CPU = Debug|Any CPU
		Release|Any CPU = Release|Any CPU
	EndGlobalSection
	GlobalSection(SolutionProperties) = preSolution
		HideSolutionNode = FALSE
	EndGlobalSection
	GlobalSection(ProjectConfigurationPlatforms) = postSolution
		{445411A3-CA1C-4B5F-A147-B52E9B7EB07F}.Debug|Any CPU.ActiveCfg = Debug|Any CPU
		{445411A3-CA1C-4B5F-A147-B52E9B7EB07F}.Debug|Any CPU.Build.0 = Debug|Any CPU
		{445411A3-CA1C-4B5F-A147-B52E9B7EB07F}.Release|Any CPU.ActiveCfg = Release|Any CPU
		{445411A3-CA1C-4B5F-A147-B52E9B7EB07F}.Release|Any CPU.Build.0 = Release|Any CPU
		{DFC2F438-53C8-4DCB-B707-367A3CB5C784}.Debug|Any CPU.ActiveCfg = Debug|Any CPU
		{DFC2F438-53C8-4DCB-B707-367A3CB5C784}.Debug|Any CPU.Build.0 = Debug|Any CPU
		{DFC2F438-53C8-4DCB-B707-367A3CB5C784}.Release|Any CPU.ActiveCfg = Release|Any CPU
		{DFC2F438-53C8-4DCB-B707-367A3CB5C784}.Release|Any CPU.Build.0 = Release|Any CPU
		{69ACEEEB-7F4D-454A-9CFB-5B993539D44F}.Debug|Any CPU.ActiveCfg = Debug|Any CPU
		{69ACEEEB-7F4D-454A-9CFB-5B993539D44F}.Debug|Any CPU.Build.0 = Debug|Any CPU
		{69ACEEEB-7F4D-454A-9CFB-5B993539D44F}.Release|Any CPU.ActiveCfg = Release|Any CPU
		{69ACEEEB-7F4D-454A-9CFB-5B993539D44F}.Release|Any CPU.Build.0 = Release|Any CPU
		{308F12F2-E02A-44FD-A9C5-02F980B93341}.Debug|Any CPU.ActiveCfg = Debug|Any CPU
		{308F12F2-E02A-44FD-A9C5-02F980B93341}.Debug|Any CPU.Build.0 = Debug|Any CPU
		{308F12F2-E02A-44FD-A9C5-02F980B93341}.Release|Any CPU.ActiveCfg = Release|Any CPU
		{308F12F2-E02A-44FD-A9C5-02F980B93341}.Release|Any CPU.Build.0 = Release|Any CPU
		{9C2C81E6-7FCC-4BF0-A7F1-7BF2F876FD39}.Debug|Any CPU.ActiveCfg = Debug|Any CPU
		{9C2C81E6-7FCC-4BF0-A7F1-7BF2F876FD39}.Debug|Any CPU.Build.0 = Debug|Any CPU
		{9C2C81E6-7FCC-4BF0-A7F1-7BF2F876FD39}.Release|Any CPU.ActiveCfg = Release|Any CPU
		{9C2C81E6-7FCC-4BF0-A7F1-7BF2F876FD39}.Release|Any CPU.Build.0 = Release|Any CPU
		{9A35818E-766C-4249-A0B9-E674B66D040B}.Debug|Any CPU.ActiveCfg = Debug|Any CPU
		{9A35818E-766C-4249-A0B9-E674B66D040B}.Debug|Any CPU.Build.0 = Debug|Any CPU
		{9A35818E-766C-4249-A0B9-E674B66D040B}.Release|Any CPU.ActiveCfg = Release|Any CPU
		{9A35818E-766C-4249-A0B9-E674B66D040B}.Release|Any CPU.Build.0 = Release|Any CPU
		{73DD6B57-C73A-4072-993F-C6D9DDEE8571}.Debug|Any CPU.ActiveCfg = R2024|Any CPU
		{73DD6B57-C73A-4072-993F-C6D9DDEE8571}.Debug|Any CPU.Build.0 = R2024|Any CPU
		{73DD6B57-C73A-4072-993F-C6D9DDEE8571}.Release|Any CPU.ActiveCfg = R2024|Any CPU
		{73DD6B57-C73A-4072-993F-C6D9DDEE8571}.Release|Any CPU.Build.0 = R2024|Any CPU
	EndGlobalSection
	GlobalSection(NestedProjects) = preSolution
		{445411A3-CA1C-4B5F-A147-B52E9B7EB07F} = {203ACAB1-7075-41A9-AC06-195C5A560179}
		{DFC2F438-53C8-4DCB-B707-367A3CB5C784} = {203ACAB1-7075-41A9-AC06-195C5A560179}
		{69ACEEEB-7F4D-454A-9CFB-5B993539D44F} = {232318D0-A686-42C0-8B5F-DBB87C4489C8}
		{308F12F2-E02A-44FD-A9C5-02F980B93341} = {203ACAB1-7075-41A9-AC06-195C5A560179}
		{9C2C81E6-7FCC-4BF0-A7F1-7BF2F876FD39} = {203ACAB1-7075-41A9-AC06-195C5A560179}
		{9A35818E-766C-4249-A0B9-E674B66D040B} = {203ACAB1-7075-41A9-AC06-195C5A560179}
		{73DD6B57-C73A-4072-993F-C6D9DDEE8571} = {F9423287-35BA-428C-A574-6A27D77E6D4A}
	EndGlobalSection
EndGlobal
